
Microsoft Visual Studio Solution File, Format Version 12.00
# Visual Studio 14
VisualStudioVersion = 14.0.24720.0
MinimumVisualStudioVersion = 10.0.40219.1
Project("{FAE04EC0-301F-11D3-BF4B-00C04F79EFBC}") = "Service", "Service\Service.csproj", "{F09822F4-54A4-4DDB-8A78-2A91728B13A2}"
EndProject
Project("{FAE04EC0-301F-11D3-BF4B-00C04F79EFBC}") = "Models", "Models\Models.csproj", "{C1C45766-2664-4092-8A21-5F310CC94A88}"
EndProject
Project("{FAE04EC0-301F-11D3-BF4B-00C04F79EFBC}") = "Client", "Client\Client.csproj", "{6D1DA02D-CF2F-4AD5-AF0E-5476ADF0B416}"
EndProject
Global
	GlobalSection(SolutionConfigurationPlatforms) = preSolution
		Debug|Any CPU = Debug|Any CPU
		Release|Any CPU = Release|Any CPU
	EndGlobalSection
	GlobalSection(ProjectConfigurationPlatforms) = postSolution
		{F09822F4-54A4-4DDB-8A78-2A91728B13A2}.Debug|Any CPU.ActiveCfg = Debug|Any CPU
		{F09822F4-54A4-4DDB-8A78-2A91728B13A2}.Debug|Any CPU.Build.0 = Debug|Any CPU
		{F09822F4-54A4-4DDB-8A78-2A91728B13A2}.Release|Any CPU.ActiveCfg = Release|Any CPU
		{F09822F4-54A4-4DDB-8A78-2A91728B13A2}.Release|Any CPU.Build.0 = Release|Any CPU
		{C1C45766-2664-4092-8A21-5F310CC94A88}.Debug|Any CPU.ActiveCfg = Debug|Any CPU
		{C1C45766-2664-4092-8A21-5F310CC94A88}.Debug|Any CPU.Build.0 = Debug|Any CPU
		{C1C45766-2664-4092-8A21-5F310CC94A88}.Release|Any CPU.ActiveCfg = Release|Any CPU
		{C1C45766-2664-4092-8A21-5F310CC94A88}.Release|Any CPU.Build.0 = Release|Any CPU
		{6D1DA02D-CF2F-4AD5-AF0E-5476ADF0B416}.Debug|Any CPU.ActiveCfg = Debug|Any CPU
		{6D1DA02D-CF2F-4AD5-AF0E-5476ADF0B416}.Debug|Any CPU.Build.0 = Debug|Any CPU
		{6D1DA02D-CF2F-4AD5-AF0E-5476ADF0B416}.Release|Any CPU.ActiveCfg = Release|Any CPU
		{6D1DA02D-CF2F-4AD5-AF0E-5476ADF0B416}.Release|Any CPU.Build.0 = Release|Any CPU
	EndGlobalSection
	GlobalSection(SolutionProperties) = preSolution
		HideSolutionNode = FALSE
	EndGlobalSection
	GlobalSection(TeamFoundationVersionControl) = preSolution
		SccNumberOfProjects = 4
		SccEnterpriseProvider = {4CA58AB2-18FA-4F8D-95D4-32DDF27D184C}
		SccTeamFoundationServer = https://saelvethil.visualstudio.com/
		SccLocalPath0 = .
		SccProjectUniqueName1 = Service\\Service.csproj
		SccProjectName1 = Service
		SccLocalPath1 = Service
		SccProjectUniqueName2 = Models\\Models.csproj
		SccProjectName2 = Models
		SccLocalPath2 = Models
		SccProjectUniqueName3 = Client\\Client.csproj
		SccProjectName3 = Client
		SccLocalPath3 = Client
	EndGlobalSection
EndGlobal
